
Microsoft Visual Studio Solution File, Format Version 12.00
# Visual Studio Version 16
VisualStudioVersion = 16.0.31624.102
MinimumVisualStudioVersion = 10.0.40219.1
Project("{FAE04EC0-301F-11D3-BF4B-00C04F79EFBC}") = "WebBanGiayDep", "WebBanGiayDep\WebBanGiayDep.csproj", "{98D999EF-3DD7-4A49-A311-9C674CD033F4}"
EndProject
Global
	GlobalSection(SolutionConfigurationPlatforms) = preSolution
		Debug|Any CPU = Debug|Any CPU
		Release|Any CPU = Release|Any CPU
	EndGlobalSection
	GlobalSection(ProjectConfigurationPlatforms) = postSolution
		{98D999EF-3DD7-4A49-A311-9C674CD033F4}.Debug|Any CPU.ActiveCfg = Debug|Any CPU
		{98D999EF-3DD7-4A49-A311-9C674CD033F4}.Debug|Any CPU.Build.0 = Debug|Any CPU
		{98D999EF-3DD7-4A49-A311-9C674CD033F4}.Release|Any CPU.ActiveCfg = Release|Any CPU
		{98D999EF-3DD7-4A49-A311-9C674CD033F4}.Release|Any CPU.Build.0 = Release|Any CPU
	EndGlobalSection
	GlobalSection(SolutionProperties) = preSolution
		HideSolutionNode = FALSE
	EndGlobalSection
	GlobalSection(ExtensibilityGlobals) = postSolution
		SolutionGuid = {4653CCC1-6EE4-49CE-AF0E-03B51780B21C}
	EndGlobalSection
EndGlobal
